// !$*UTF8*$!
{
	archiveVersion = 1;
	classes = {
	};
	objectVersion = 56;
	objects = {

/* Begin PBXBuildFile section */
		D33F6B7C29AC076200C8A596 /* GoogleService-Info.plist in Resources */ = {isa = PBXBuildFile; fileRef = D33F6B7B29AC076200C8A596 /* GoogleService-Info.plist */; };
		D33F6B7F29AC09EB00C8A596 /* FirebaseCrashlytics in Frameworks */ = {isa = PBXBuildFile; productRef = D33F6B7E29AC09EB00C8A596 /* FirebaseCrashlytics */; };
		D33F6B8129AC09EB00C8A596 /* FirebaseDatabase in Frameworks */ = {isa = PBXBuildFile; productRef = D33F6B8029AC09EB00C8A596 /* FirebaseDatabase */; };
		D33F6B8329AC09EB00C8A596 /* FirebaseDatabaseSwift in Frameworks */ = {isa = PBXBuildFile; productRef = D33F6B8229AC09EB00C8A596 /* FirebaseDatabaseSwift */; };
		D33F6B8529AC09EB00C8A596 /* FirebaseFirestore in Frameworks */ = {isa = PBXBuildFile; productRef = D33F6B8429AC09EB00C8A596 /* FirebaseFirestore */; };
		D33F6B8729AC09EB00C8A596 /* FirebaseFirestoreCombine-Community in Frameworks */ = {isa = PBXBuildFile; productRef = D33F6B8629AC09EB00C8A596 /* FirebaseFirestoreCombine-Community */; };
		D33F6B8929AC09EB00C8A596 /* FirebaseFirestoreSwift in Frameworks */ = {isa = PBXBuildFile; productRef = D33F6B8829AC09EB00C8A596 /* FirebaseFirestoreSwift */; };
		D33F6B8B29AC09EB00C8A596 /* FirebaseStorage in Frameworks */ = {isa = PBXBuildFile; productRef = D33F6B8A29AC09EB00C8A596 /* FirebaseStorage */; };
		D33F6B8D29AC09EB00C8A596 /* FirebaseStorageCombine-Community in Frameworks */ = {isa = PBXBuildFile; productRef = D33F6B8C29AC09EB00C8A596 /* FirebaseStorageCombine-Community */; };
		D363A72329959D8D00E48105 /* Perfil_Salud_NFCApp.swift in Sources */ = {isa = PBXBuildFile; fileRef = D363A72229959D8D00E48105 /* Perfil_Salud_NFCApp.swift */; };
		D363A72529959D8D00E48105 /* ContentView.swift in Sources */ = {isa = PBXBuildFile; fileRef = D363A72429959D8D00E48105 /* ContentView.swift */; };
		D363A72729959D8E00E48105 /* Assets.xcassets in Resources */ = {isa = PBXBuildFile; fileRef = D363A72629959D8E00E48105 /* Assets.xcassets */; };
		D363A72A29959D8E00E48105 /* Preview Assets.xcassets in Resources */ = {isa = PBXBuildFile; fileRef = D363A72929959D8E00E48105 /* Preview Assets.xcassets */; };
		D363A72C29959D8E00E48105 /* Persistence.swift in Sources */ = {isa = PBXBuildFile; fileRef = D363A72B29959D8E00E48105 /* Persistence.swift */; };
		D363A72F29959D8E00E48105 /* Perfil_Salud_NFC.xcdatamodeld in Sources */ = {isa = PBXBuildFile; fileRef = D363A72D29959D8E00E48105 /* Perfil_Salud_NFC.xcdatamodeld */; };
		D363A7372995A80600E48105 /* ProfileView.swift in Sources */ = {isa = PBXBuildFile; fileRef = D363A7362995A80600E48105 /* ProfileView.swift */; };
		D363A7392995A81500E48105 /* NFCView.swift in Sources */ = {isa = PBXBuildFile; fileRef = D363A7382995A81500E48105 /* NFCView.swift */; };
		D3ED84E029B7E74B004F8421 /* LaunchScreenStep.swift in Sources */ = {isa = PBXBuildFile; fileRef = D3ED84DF29B7E74B004F8421 /* LaunchScreenStep.swift */; };
		D3ED84E229B7E78F004F8421 /* LaunchScreenManager.swift in Sources */ = {isa = PBXBuildFile; fileRef = D3ED84E129B7E78F004F8421 /* LaunchScreenManager.swift */; };
		D3ED84E429B7E89D004F8421 /* LaunchScreenView.swift in Sources */ = {isa = PBXBuildFile; fileRef = D3ED84E329B7E89D004F8421 /* LaunchScreenView.swift */; };
		D3EE277C299BF0B300C36E1F /* CircleImage.swift in Sources */ = {isa = PBXBuildFile; fileRef = D3EE277B299BF0B300C36E1F /* CircleImage.swift */; };
		D3EE277E299BFE0300C36E1F /* ProfileEntry.swift in Sources */ = {isa = PBXBuildFile; fileRef = D3EE277D299BFE0300C36E1F /* ProfileEntry.swift */; };
		D3EE2780299C4D7B00C36E1F /* ProfileList.swift in Sources */ = {isa = PBXBuildFile; fileRef = D3EE277F299C4D7B00C36E1F /* ProfileList.swift */; };
/* End PBXBuildFile section */

/* Begin PBXFileReference section */
		D33F6B7B29AC076200C8A596 /* GoogleService-Info.plist */ = {isa = PBXFileReference; fileEncoding = 4; lastKnownFileType = text.plist.xml; name = "GoogleService-Info.plist"; path = "../GoogleService-Info.plist"; sourceTree = "<group>"; };
		D35D6A1A29C0D63800D7B1F5 /* Perfil Salud NFC.entitlements */ = {isa = PBXFileReference; lastKnownFileType = text.plist.entitlements; path = "Perfil Salud NFC.entitlements"; sourceTree = "<group>"; };
		D363A71F29959D8D00E48105 /* Perfil Salud NFC.app */ = {isa = PBXFileReference; explicitFileType = wrapper.application; includeInIndex = 0; path = "Perfil Salud NFC.app"; sourceTree = BUILT_PRODUCTS_DIR; };
		D363A72229959D8D00E48105 /* Perfil_Salud_NFCApp.swift */ = {isa = PBXFileReference; lastKnownFileType = sourcecode.swift; path = Perfil_Salud_NFCApp.swift; sourceTree = "<group>"; };
		D363A72429959D8D00E48105 /* ContentView.swift */ = {isa = PBXFileReference; lastKnownFileType = sourcecode.swift; path = ContentView.swift; sourceTree = "<group>"; };
		D363A72629959D8E00E48105 /* Assets.xcassets */ = {isa = PBXFileReference; lastKnownFileType = folder.assetcatalog; path = Assets.xcassets; sourceTree = "<group>"; };
		D363A72929959D8E00E48105 /* Preview Assets.xcassets */ = {isa = PBXFileReference; lastKnownFileType = folder.assetcatalog; path = "Preview Assets.xcassets"; sourceTree = "<group>"; };
		D363A72B29959D8E00E48105 /* Persistence.swift */ = {isa = PBXFileReference; lastKnownFileType = sourcecode.swift; path = Persistence.swift; sourceTree = "<group>"; };
		D363A72E29959D8E00E48105 /* Perfil_Salud_NFC.xcdatamodel */ = {isa = PBXFileReference; lastKnownFileType = wrapper.xcdatamodel; path = Perfil_Salud_NFC.xcdatamodel; sourceTree = "<group>"; };
		D363A7362995A80600E48105 /* ProfileView.swift */ = {isa = PBXFileReference; lastKnownFileType = sourcecode.swift; path = ProfileView.swift; sourceTree = "<group>"; };
		D363A7382995A81500E48105 /* NFCView.swift */ = {isa = PBXFileReference; lastKnownFileType = sourcecode.swift; path = NFCView.swift; sourceTree = "<group>"; };
		D3B1FE3629AE95D10082250C /* Perfil-Salud-NFC-Info.plist */ = {isa = PBXFileReference; lastKnownFileType = text.plist; path = "Perfil-Salud-NFC-Info.plist"; sourceTree = SOURCE_ROOT; };
		D3ED84DF29B7E74B004F8421 /* LaunchScreenStep.swift */ = {isa = PBXFileReference; lastKnownFileType = sourcecode.swift; path = LaunchScreenStep.swift; sourceTree = "<group>"; };
		D3ED84E129B7E78F004F8421 /* LaunchScreenManager.swift */ = {isa = PBXFileReference; lastKnownFileType = sourcecode.swift; path = LaunchScreenManager.swift; sourceTree = "<group>"; };
		D3ED84E329B7E89D004F8421 /* LaunchScreenView.swift */ = {isa = PBXFileReference; lastKnownFileType = sourcecode.swift; path = LaunchScreenView.swift; sourceTree = "<group>"; };
		D3EE277B299BF0B300C36E1F /* CircleImage.swift */ = {isa = PBXFileReference; lastKnownFileType = sourcecode.swift; path = CircleImage.swift; sourceTree = "<group>"; };
		D3EE277D299BFE0300C36E1F /* ProfileEntry.swift */ = {isa = PBXFileReference; lastKnownFileType = sourcecode.swift; path = ProfileEntry.swift; sourceTree = "<group>"; };
		D3EE277F299C4D7B00C36E1F /* ProfileList.swift */ = {isa = PBXFileReference; lastKnownFileType = sourcecode.swift; path = ProfileList.swift; sourceTree = "<group>"; };
/* End PBXFileReference section */

/* Begin PBXFrameworksBuildPhase section */
		D363A71C29959D8D00E48105 /* Frameworks */ = {
			isa = PBXFrameworksBuildPhase;
			buildActionMask = 2147483647;
			files = (
				D33F6B8329AC09EB00C8A596 /* FirebaseDatabaseSwift in Frameworks */,
				D33F6B8529AC09EB00C8A596 /* FirebaseFirestore in Frameworks */,
				D33F6B8D29AC09EB00C8A596 /* FirebaseStorageCombine-Community in Frameworks */,
				D33F6B8129AC09EB00C8A596 /* FirebaseDatabase in Frameworks */,
				D33F6B8729AC09EB00C8A596 /* FirebaseFirestoreCombine-Community in Frameworks */,
				D33F6B8B29AC09EB00C8A596 /* FirebaseStorage in Frameworks */,
				D33F6B7F29AC09EB00C8A596 /* FirebaseCrashlytics in Frameworks */,
				D33F6B8929AC09EB00C8A596 /* FirebaseFirestoreSwift in Frameworks */,
			);
			runOnlyForDeploymentPostprocessing = 0;
		};
/* End PBXFrameworksBuildPhase section */

/* Begin PBXGroup section */
		D363A71629959D8D00E48105 = {
			isa = PBXGroup;
			children = (
				D363A72129959D8D00E48105 /* Perfil Salud NFC */,
				D363A72029959D8D00E48105 /* Products */,
			);
			sourceTree = "<group>";
		};
		D363A72029959D8D00E48105 /* Products */ = {
			isa = PBXGroup;
			children = (
				D363A71F29959D8D00E48105 /* Perfil Salud NFC.app */,
			);
			name = Products;
			sourceTree = "<group>";
		};
		D363A72129959D8D00E48105 /* Perfil Salud NFC */ = {
			isa = PBXGroup;
			children = (
				D35D6A1A29C0D63800D7B1F5 /* Perfil Salud NFC.entitlements */,
				D363A72229959D8D00E48105 /* Perfil_Salud_NFCApp.swift */,
				D3ED84DE29B7E70A004F8421 /* LaunchScreen */,
				D363A7352995A7E800E48105 /* Views */,
				D363A72B29959D8E00E48105 /* Persistence.swift */,
				D363A72629959D8E00E48105 /* Assets.xcassets */,
				D33F6B7B29AC076200C8A596 /* GoogleService-Info.plist */,
				D3B1FE3629AE95D10082250C /* Perfil-Salud-NFC-Info.plist */,
				D363A72D29959D8E00E48105 /* Perfil_Salud_NFC.xcdatamodeld */,
				D363A72829959D8E00E48105 /* Preview Content */,
			);
			path = "Perfil Salud NFC";
			sourceTree = "<group>";
		};
		D363A72829959D8E00E48105 /* Preview Content */ = {
			isa = PBXGroup;
			children = (
				D363A72929959D8E00E48105 /* Preview Assets.xcassets */,
			);
			path = "Preview Content";
			sourceTree = "<group>";
		};
		D363A7352995A7E800E48105 /* Views */ = {
			isa = PBXGroup;
			children = (
				D363A72429959D8D00E48105 /* ContentView.swift */,
				D3EE2778299BF04D00C36E1F /* Profile */,
				D3EE2779299BF06C00C36E1F /* NFC */,
			);
			path = Views;
			sourceTree = "<group>";
		};
		D3ED84DE29B7E70A004F8421 /* LaunchScreen */ = {
			isa = PBXGroup;
			children = (
				D3ED84DF29B7E74B004F8421 /* LaunchScreenStep.swift */,
				D3ED84E129B7E78F004F8421 /* LaunchScreenManager.swift */,
				D3ED84E329B7E89D004F8421 /* LaunchScreenView.swift */,
			);
			path = LaunchScreen;
			sourceTree = "<group>";
		};
		D3EE2778299BF04D00C36E1F /* Profile */ = {
			isa = PBXGroup;
			children = (
				D363A7362995A80600E48105 /* ProfileView.swift */,
				D3EE277A299BF08E00C36E1F /* Components */,
			);
			path = Profile;
			sourceTree = "<group>";
		};
		D3EE2779299BF06C00C36E1F /* NFC */ = {
			isa = PBXGroup;
			children = (
				D363A7382995A81500E48105 /* NFCView.swift */,
			);
			path = NFC;
			sourceTree = "<group>";
		};
		D3EE277A299BF08E00C36E1F /* Components */ = {
			isa = PBXGroup;
			children = (
				D3EE277F299C4D7B00C36E1F /* ProfileList.swift */,
				D3EE277D299BFE0300C36E1F /* ProfileEntry.swift */,
				D3EE277B299BF0B300C36E1F /* CircleImage.swift */,
			);
			path = Components;
			sourceTree = "<group>";
		};
/* End PBXGroup section */

/* Begin PBXNativeTarget section */
		D363A71E29959D8D00E48105 /* Perfil Salud NFC */ = {
			isa = PBXNativeTarget;
			buildConfigurationList = D363A73229959D8E00E48105 /* Build configuration list for PBXNativeTarget "Perfil Salud NFC" */;
			buildPhases = (
				D363A71B29959D8D00E48105 /* Sources */,
				D363A71C29959D8D00E48105 /* Frameworks */,
				D363A71D29959D8D00E48105 /* Resources */,
			);
			buildRules = (
			);
			dependencies = (
			);
			name = "Perfil Salud NFC";
			packageProductDependencies = (
				D33F6B7E29AC09EB00C8A596 /* FirebaseCrashlytics */,
				D33F6B8029AC09EB00C8A596 /* FirebaseDatabase */,
				D33F6B8229AC09EB00C8A596 /* FirebaseDatabaseSwift */,
				D33F6B8429AC09EB00C8A596 /* FirebaseFirestore */,
				D33F6B8629AC09EB00C8A596 /* FirebaseFirestoreCombine-Community */,
				D33F6B8829AC09EB00C8A596 /* FirebaseFirestoreSwift */,
				D33F6B8A29AC09EB00C8A596 /* FirebaseStorage */,
				D33F6B8C29AC09EB00C8A596 /* FirebaseStorageCombine-Community */,
			);
			productName = "Perfil Salud NFC";
			productReference = D363A71F29959D8D00E48105 /* Perfil Salud NFC.app */;
			productType = "com.apple.product-type.application";
		};
/* End PBXNativeTarget section */

/* Begin PBXProject section */
		D363A71729959D8D00E48105 /* Project object */ = {
			isa = PBXProject;
			attributes = {
				BuildIndependentTargetsInParallel = 1;
				LastSwiftUpdateCheck = 1420;
				LastUpgradeCheck = 1420;
				TargetAttributes = {
					D363A71E29959D8D00E48105 = {
						CreatedOnToolsVersion = 14.2;
					};
				};
			};
			buildConfigurationList = D363A71A29959D8D00E48105 /* Build configuration list for PBXProject "Perfil Salud NFC" */;
			compatibilityVersion = "Xcode 14.0";
			developmentRegion = en;
			hasScannedForEncodings = 0;
			knownRegions = (
				en,
				Base,
			);
			mainGroup = D363A71629959D8D00E48105;
			packageReferences = (
				D33F6B7D29AC09EB00C8A596 /* XCRemoteSwiftPackageReference "firebase-ios-sdk" */,
			);
			productRefGroup = D363A72029959D8D00E48105 /* Products */;
			projectDirPath = "";
			projectRoot = "";
			targets = (
				D363A71E29959D8D00E48105 /* Perfil Salud NFC */,
			);
		};
/* End PBXProject section */

/* Begin PBXResourcesBuildPhase section */
		D363A71D29959D8D00E48105 /* Resources */ = {
			isa = PBXResourcesBuildPhase;
			buildActionMask = 2147483647;
			files = (
				D363A72A29959D8E00E48105 /* Preview Assets.xcassets in Resources */,
				D363A72729959D8E00E48105 /* Assets.xcassets in Resources */,
				D33F6B7C29AC076200C8A596 /* GoogleService-Info.plist in Resources */,
			);
			runOnlyForDeploymentPostprocessing = 0;
		};
/* End PBXResourcesBuildPhase section */

/* Begin PBXSourcesBuildPhase section */
		D363A71B29959D8D00E48105 /* Sources */ = {
			isa = PBXSourcesBuildPhase;
			buildActionMask = 2147483647;
			files = (
				D3ED84E029B7E74B004F8421 /* LaunchScreenStep.swift in Sources */,
				D3EE277E299BFE0300C36E1F /* ProfileEntry.swift in Sources */,
				D363A72C29959D8E00E48105 /* Persistence.swift in Sources */,
				D363A72F29959D8E00E48105 /* Perfil_Salud_NFC.xcdatamodeld in Sources */,
				D3EE2780299C4D7B00C36E1F /* ProfileList.swift in Sources */,
				D3ED84E229B7E78F004F8421 /* LaunchScreenManager.swift in Sources */,
				D363A7392995A81500E48105 /* NFCView.swift in Sources */,
				D3EE277C299BF0B300C36E1F /* CircleImage.swift in Sources */,
				D363A7372995A80600E48105 /* ProfileView.swift in Sources */,
				D363A72529959D8D00E48105 /* ContentView.swift in Sources */,
				D363A72329959D8D00E48105 /* Perfil_Salud_NFCApp.swift in Sources */,
				D3ED84E429B7E89D004F8421 /* LaunchScreenView.swift in Sources */,
			);
			runOnlyForDeploymentPostprocessing = 0;
		};
/* End PBXSourcesBuildPhase section */

/* Begin XCBuildConfiguration section */
		D363A73029959D8E00E48105 /* Debug */ = {
			isa = XCBuildConfiguration;
			buildSettings = {
				ALWAYS_SEARCH_USER_PATHS = NO;
				CLANG_ANALYZER_NONNULL = YES;
				CLANG_ANALYZER_NUMBER_OBJECT_CONVERSION = YES_AGGRESSIVE;
				CLANG_CXX_LANGUAGE_STANDARD = "gnu++20";
				CLANG_ENABLE_MODULES = YES;
				CLANG_ENABLE_OBJC_ARC = YES;
				CLANG_ENABLE_OBJC_WEAK = YES;
				CLANG_WARN_BLOCK_CAPTURE_AUTORELEASING = YES;
				CLANG_WARN_BOOL_CONVERSION = YES;
				CLANG_WARN_COMMA = YES;
				CLANG_WARN_CONSTANT_CONVERSION = YES;
				CLANG_WARN_DEPRECATED_OBJC_IMPLEMENTATIONS = YES;
				CLANG_WARN_DIRECT_OBJC_ISA_USAGE = YES_ERROR;
				CLANG_WARN_DOCUMENTATION_COMMENTS = YES;
				CLANG_WARN_EMPTY_BODY = YES;
				CLANG_WARN_ENUM_CONVERSION = YES;
				CLANG_WARN_INFINITE_RECURSION = YES;
				CLANG_WARN_INT_CONVERSION = YES;
				CLANG_WARN_NON_LITERAL_NULL_CONVERSION = YES;
				CLANG_WARN_OBJC_IMPLICIT_RETAIN_SELF = YES;
				CLANG_WARN_OBJC_LITERAL_CONVERSION = YES;
				CLANG_WARN_OBJC_ROOT_CLASS = YES_ERROR;
				CLANG_WARN_QUOTED_INCLUDE_IN_FRAMEWORK_HEADER = YES;
				CLANG_WARN_RANGE_LOOP_ANALYSIS = YES;
				CLANG_WARN_STRICT_PROTOTYPES = YES;
				CLANG_WARN_SUSPICIOUS_MOVE = YES;
				CLANG_WARN_UNGUARDED_AVAILABILITY = YES_AGGRESSIVE;
				CLANG_WARN_UNREACHABLE_CODE = YES;
				CLANG_WARN__DUPLICATE_METHOD_MATCH = YES;
				COPY_PHASE_STRIP = NO;
				DEBUG_INFORMATION_FORMAT = dwarf;
				ENABLE_STRICT_OBJC_MSGSEND = YES;
				ENABLE_TESTABILITY = YES;
				GCC_C_LANGUAGE_STANDARD = gnu11;
				GCC_DYNAMIC_NO_PIC = NO;
				GCC_NO_COMMON_BLOCKS = YES;
				GCC_OPTIMIZATION_LEVEL = 0;
				GCC_PREPROCESSOR_DEFINITIONS = (
					"DEBUG=1",
					"$(inherited)",
				);
				GCC_WARN_64_TO_32_BIT_CONVERSION = YES;
				GCC_WARN_ABOUT_RETURN_TYPE = YES_ERROR;
				GCC_WARN_UNDECLARED_SELECTOR = YES;
				GCC_WARN_UNINITIALIZED_AUTOS = YES_AGGRESSIVE;
				GCC_WARN_UNUSED_FUNCTION = YES;
				GCC_WARN_UNUSED_VARIABLE = YES;
				IPHONEOS_DEPLOYMENT_TARGET = 16.2;
				MTL_ENABLE_DEBUG_INFO = INCLUDE_SOURCE;
				MTL_FAST_MATH = YES;
				ONLY_ACTIVE_ARCH = YES;
				SDKROOT = iphoneos;
				SWIFT_ACTIVE_COMPILATION_CONDITIONS = DEBUG;
				SWIFT_OPTIMIZATION_LEVEL = "-Onone";
			};
			name = Debug;
		};
		D363A73129959D8E00E48105 /* Release */ = {
			isa = XCBuildConfiguration;
			buildSettings = {
				ALWAYS_SEARCH_USER_PATHS = NO;
				CLANG_ANALYZER_NONNULL = YES;
				CLANG_ANALYZER_NUMBER_OBJECT_CONVERSION = YES_AGGRESSIVE;
				CLANG_CXX_LANGUAGE_STANDARD = "gnu++20";
				CLANG_ENABLE_MODULES = YES;
				CLANG_ENABLE_OBJC_ARC = YES;
				CLANG_ENABLE_OBJC_WEAK = YES;
				CLANG_WARN_BLOCK_CAPTURE_AUTORELEASING = YES;
				CLANG_WARN_BOOL_CONVERSION = YES;
				CLANG_WARN_COMMA = YES;
				CLANG_WARN_CONSTANT_CONVERSION = YES;
				CLANG_WARN_DEPRECATED_OBJC_IMPLEMENTATIONS = YES;
				CLANG_WARN_DIRECT_OBJC_ISA_USAGE = YES_ERROR;
				CLANG_WARN_DOCUMENTATION_COMMENTS = YES;
				CLANG_WARN_EMPTY_BODY = YES;
				CLANG_WARN_ENUM_CONVERSION = YES;
				CLANG_WARN_INFINITE_RECURSION = YES;
				CLANG_WARN_INT_CONVERSION = YES;
				CLANG_WARN_NON_LITERAL_NULL_CONVERSION = YES;
				CLANG_WARN_OBJC_IMPLICIT_RETAIN_SELF = YES;
				CLANG_WARN_OBJC_LITERAL_CONVERSION = YES;
				CLANG_WARN_OBJC_ROOT_CLASS = YES_ERROR;
				CLANG_WARN_QUOTED_INCLUDE_IN_FRAMEWORK_HEADER = YES;
				CLANG_WARN_RANGE_LOOP_ANALYSIS = YES;
				CLANG_WARN_STRICT_PROTOTYPES = YES;
				CLANG_WARN_SUSPICIOUS_MOVE = YES;
				CLANG_WARN_UNGUARDED_AVAILABILITY = YES_AGGRESSIVE;
				CLANG_WARN_UNREACHABLE_CODE = YES;
				CLANG_WARN__DUPLICATE_METHOD_MATCH = YES;
				COPY_PHASE_STRIP = NO;
				DEBUG_INFORMATION_FORMAT = "dwarf-with-dsym";
				ENABLE_NS_ASSERTIONS = NO;
				ENABLE_STRICT_OBJC_MSGSEND = YES;
				GCC_C_LANGUAGE_STANDARD = gnu11;
				GCC_NO_COMMON_BLOCKS = YES;
				GCC_WARN_64_TO_32_BIT_CONVERSION = YES;
				GCC_WARN_ABOUT_RETURN_TYPE = YES_ERROR;
				GCC_WARN_UNDECLARED_SELECTOR = YES;
				GCC_WARN_UNINITIALIZED_AUTOS = YES_AGGRESSIVE;
				GCC_WARN_UNUSED_FUNCTION = YES;
				GCC_WARN_UNUSED_VARIABLE = YES;
				IPHONEOS_DEPLOYMENT_TARGET = 16.2;
				MTL_ENABLE_DEBUG_INFO = NO;
				MTL_FAST_MATH = YES;
				SDKROOT = iphoneos;
				SWIFT_COMPILATION_MODE = wholemodule;
				SWIFT_OPTIMIZATION_LEVEL = "-O";
				VALIDATE_PRODUCT = YES;
			};
			name = Release;
		};
		D363A73329959D8E00E48105 /* Debug */ = {
			isa = XCBuildConfiguration;
			buildSettings = {
				ASSETCATALOG_COMPILER_APPICON_NAME = AppIcon;
				ASSETCATALOG_COMPILER_GLOBAL_ACCENT_COLOR_NAME = AccentColor;
				CODE_SIGN_ENTITLEMENTS = "Perfil Salud NFC/Perfil Salud NFC.entitlements";
				CODE_SIGN_IDENTITY = "Apple Development";
				CODE_SIGN_STYLE = Automatic;
				CURRENT_PROJECT_VERSION = 1;
				DEVELOPMENT_ASSET_PATHS = "\"Perfil Salud NFC/Preview Content\"";
				DEVELOPMENT_TEAM = X2677UJR94;
				ENABLE_PREVIEWS = YES;
				GENERATE_INFOPLIST_FILE = YES;
				INFOPLIST_FILE = "Perfil-Salud-NFC-Info.plist";
				INFOPLIST_KEY_NFCReaderUsageDescription = "Store in a data base the UID of the NFC for its use as an identifier for users";
				INFOPLIST_KEY_UIApplicationSupportsIndirectInputEvents = YES;
				INFOPLIST_KEY_UILaunchScreen_Generation = YES;
				INFOPLIST_KEY_UISupportedInterfaceOrientations_iPad = "UIInterfaceOrientationPortrait UIInterfaceOrientationPortraitUpsideDown UIInterfaceOrientationLandscapeLeft UIInterfaceOrientationLandscapeRight";
				INFOPLIST_KEY_UISupportedInterfaceOrientations_iPhone = "UIInterfaceOrientationPortrait UIInterfaceOrientationLandscapeLeft UIInterfaceOrientationLandscapeRight";
				LD_RUNPATH_SEARCH_PATHS = (
					"$(inherited)",
					"@executable_path/Frameworks",
				);
				MARKETING_VERSION = 1.0;
				PRODUCT_BUNDLE_IDENTIFIER = "TFG-Informatica.Perfil-Salud-NFC";
				PRODUCT_NAME = "$(TARGET_NAME)";
				PROVISIONING_PROFILE_SPECIFIER = "";
				SWIFT_EMIT_LOC_STRINGS = YES;
				SWIFT_VERSION = 5.0;
				TARGETED_DEVICE_FAMILY = "1,2";
			};
			name = Debug;
		};
		D363A73429959D8E00E48105 /* Release */ = {
			isa = XCBuildConfiguration;
			buildSettings = {
				ASSETCATALOG_COMPILER_APPICON_NAME = AppIcon;
				ASSETCATALOG_COMPILER_GLOBAL_ACCENT_COLOR_NAME = AccentColor;
				CODE_SIGN_ENTITLEMENTS = "Perfil Salud NFC/Perfil Salud NFC.entitlements";
				CODE_SIGN_IDENTITY = "Apple Development";
				CODE_SIGN_STYLE = Automatic;
				CURRENT_PROJECT_VERSION = 1;
				DEVELOPMENT_ASSET_PATHS = "\"Perfil Salud NFC/Preview Content\"";
				DEVELOPMENT_TEAM = X2677UJR94;
				ENABLE_PREVIEWS = YES;
				GENERATE_INFOPLIST_FILE = YES;
				INFOPLIST_FILE = "Perfil-Salud-NFC-Info.plist";
				INFOPLIST_KEY_NFCReaderUsageDescription = "Store in a data base the UID of the NFC for its use as an identifier for users";
				INFOPLIST_KEY_UIApplicationSupportsIndirectInputEvents = YES;
				INFOPLIST_KEY_UILaunchScreen_Generation = YES;
				INFOPLIST_KEY_UISupportedInterfaceOrientations_iPad = "UIInterfaceOrientationPortrait UIInterfaceOrientationPortraitUpsideDown UIInterfaceOrientationLandscapeLeft UIInterfaceOrientationLandscapeRight";
				INFOPLIST_KEY_UISupportedInterfaceOrientations_iPhone = "UIInterfaceOrientationPortrait UIInterfaceOrientationLandscapeLeft UIInterfaceOrientationLandscapeRight";
				LD_RUNPATH_SEARCH_PATHS = (
					"$(inherited)",
					"@executable_path/Frameworks",
				);
				MARKETING_VERSION = 1.0;
				PRODUCT_BUNDLE_IDENTIFIER = "TFG-Informatica.Perfil-Salud-NFC";
				PRODUCT_NAME = "$(TARGET_NAME)";
				PROVISIONING_PROFILE_SPECIFIER = "";
				SWIFT_EMIT_LOC_STRINGS = YES;
				SWIFT_VERSION = 5.0;
				TARGETED_DEVICE_FAMILY = "1,2";
			};
			name = Release;
		};
/* End XCBuildConfiguration section */

/* Begin XCConfigurationList section */
		D363A71A29959D8D00E48105 /* Build configuration list for PBXProject "Perfil Salud NFC" */ = {
			isa = XCConfigurationList;
			buildConfigurations = (
				D363A73029959D8E00E48105 /* Debug */,
				D363A73129959D8E00E48105 /* Release */,
			);
			defaultConfigurationIsVisible = 0;
			defaultConfigurationName = Release;
		};
		D363A73229959D8E00E48105 /* Build configuration list for PBXNativeTarget "Perfil Salud NFC" */ = {
			isa = XCConfigurationList;
			buildConfigurations = (
				D363A73329959D8E00E48105 /* Debug */,
				D363A73429959D8E00E48105 /* Release */,
			);
			defaultConfigurationIsVisible = 0;
			defaultConfigurationName = Release;
		};
/* End XCConfigurationList section */

/* Begin XCRemoteSwiftPackageReference section */
		D33F6B7D29AC09EB00C8A596 /* XCRemoteSwiftPackageReference "firebase-ios-sdk" */ = {
			isa = XCRemoteSwiftPackageReference;
			repositoryURL = "https://github.com/firebase/firebase-ios-sdk";
			requirement = {
				kind = upToNextMajorVersion;
				minimumVersion = 9.0.0;
			};
		};
/* End XCRemoteSwiftPackageReference section */

/* Begin XCSwiftPackageProductDependency section */
		D33F6B7E29AC09EB00C8A596 /* FirebaseCrashlytics */ = {
			isa = XCSwiftPackageProductDependency;
			package = D33F6B7D29AC09EB00C8A596 /* XCRemoteSwiftPackageReference "firebase-ios-sdk" */;
			productName = FirebaseCrashlytics;
		};
		D33F6B8029AC09EB00C8A596 /* FirebaseDatabase */ = {
			isa = XCSwiftPackageProductDependency;
			package = D33F6B7D29AC09EB00C8A596 /* XCRemoteSwiftPackageReference "firebase-ios-sdk" */;
			productName = FirebaseDatabase;
		};
		D33F6B8229AC09EB00C8A596 /* FirebaseDatabaseSwift */ = {
			isa = XCSwiftPackageProductDependency;
			package = D33F6B7D29AC09EB00C8A596 /* XCRemoteSwiftPackageReference "firebase-ios-sdk" */;
			productName = FirebaseDatabaseSwift;
		};
		D33F6B8429AC09EB00C8A596 /* FirebaseFirestore */ = {
			isa = XCSwiftPackageProductDependency;
			package = D33F6B7D29AC09EB00C8A596 /* XCRemoteSwiftPackageReference "firebase-ios-sdk" */;
			productName = FirebaseFirestore;
		};
		D33F6B8629AC09EB00C8A596 /* FirebaseFirestoreCombine-Community */ = {
			isa = XCSwiftPackageProductDependency;
			package = D33F6B7D29AC09EB00C8A596 /* XCRemoteSwiftPackageReference "firebase-ios-sdk" */;
			productName = "FirebaseFirestoreCombine-Community";
		};
		D33F6B8829AC09EB00C8A596 /* FirebaseFirestoreSwift */ = {
			isa = XCSwiftPackageProductDependency;
			package = D33F6B7D29AC09EB00C8A596 /* XCRemoteSwiftPackageReference "firebase-ios-sdk" */;
			productName = FirebaseFirestoreSwift;
		};
		D33F6B8A29AC09EB00C8A596 /* FirebaseStorage */ = {
			isa = XCSwiftPackageProductDependency;
			package = D33F6B7D29AC09EB00C8A596 /* XCRemoteSwiftPackageReference "firebase-ios-sdk" */;
			productName = FirebaseStorage;
		};
		D33F6B8C29AC09EB00C8A596 /* FirebaseStorageCombine-Community */ = {
			isa = XCSwiftPackageProductDependency;
			package = D33F6B7D29AC09EB00C8A596 /* XCRemoteSwiftPackageReference "firebase-ios-sdk" */;
			productName = "FirebaseStorageCombine-Community";
		};
/* End XCSwiftPackageProductDependency section */

/* Begin XCVersionGroup section */
		D363A72D29959D8E00E48105 /* Perfil_Salud_NFC.xcdatamodeld */ = {
			isa = XCVersionGroup;
			children = (
				D363A72E29959D8E00E48105 /* Perfil_Salud_NFC.xcdatamodel */,
			);
			currentVersion = D363A72E29959D8E00E48105 /* Perfil_Salud_NFC.xcdatamodel */;
			path = Perfil_Salud_NFC.xcdatamodeld;
			sourceTree = "<group>";
			versionGroupType = wrapper.xcdatamodel;
		};
/* End XCVersionGroup section */
	};
	rootObject = D363A71729959D8D00E48105 /* Project object */;
}
