// !$*UTF8*$!
{
	archiveVersion = 1;
	classes = {
	};
	objectVersion = 56;
	objects = {

/* Begin PBXBuildFile section */
		D33F6B7C29AC076200C8A596 /* GoogleService-Info.plist in Resources */ = {isa = PBXBuildFile; fileRef = D33F6B7B29AC076200C8A596 /* GoogleService-Info.plist */; };
		D33F6B7F29AC09EB00C8A596 /* FirebaseCrashlytics in Frameworks */ = {isa = PBXBuildFile; productRef = D33F6B7E29AC09EB00C8A596 /* FirebaseCrashlytics */; };
		D33F6B8529AC09EB00C8A596 /* FirebaseFirestore in Frameworks */ = {isa = PBXBuildFile; productRef = D33F6B8429AC09EB00C8A596 /* FirebaseFirestore */; };
		D33F6B8929AC09EB00C8A596 /* FirebaseFirestoreSwift in Frameworks */ = {isa = PBXBuildFile; productRef = D33F6B8829AC09EB00C8A596 /* FirebaseFirestoreSwift */; };
		D35638F829EAB7400061822E /* NFCInfoView.swift in Sources */ = {isa = PBXBuildFile; fileRef = D35638F729EAB7400061822E /* NFCInfoView.swift */; };
		D35638FC29EACA9A0061822E /* AuthenticationView.swift in Sources */ = {isa = PBXBuildFile; fileRef = D35638FB29EACA9A0061822E /* AuthenticationView.swift */; };
		D356390229EB1B7D0061822E /* FirebaseAuth in Frameworks */ = {isa = PBXBuildFile; productRef = D356390129EB1B7D0061822E /* FirebaseAuth */; };
		D35D6A1C29C2368000D7B1F5 /* NFCController.swift in Sources */ = {isa = PBXBuildFile; fileRef = D35D6A1B29C2368000D7B1F5 /* NFCController.swift */; };
		D360FBAB29C8818F005A5A90 /* ProfileViewModel.swift in Sources */ = {isa = PBXBuildFile; fileRef = D360FBAA29C8818F005A5A90 /* ProfileViewModel.swift */; };
		D360FBAE29C881AA005A5A90 /* ProfileRepository.swift in Sources */ = {isa = PBXBuildFile; fileRef = D360FBAD29C881AA005A5A90 /* ProfileRepository.swift */; };
		D360FBB029C881BD005A5A90 /* ProfileDatasource.swift in Sources */ = {isa = PBXBuildFile; fileRef = D360FBAF29C881BD005A5A90 /* ProfileDatasource.swift */; };
		D363A72329959D8D00E48105 /* Perfil_Salud_NFCApp.swift in Sources */ = {isa = PBXBuildFile; fileRef = D363A72229959D8D00E48105 /* Perfil_Salud_NFCApp.swift */; };
		D363A72529959D8D00E48105 /* HomeView.swift in Sources */ = {isa = PBXBuildFile; fileRef = D363A72429959D8D00E48105 /* HomeView.swift */; };
		D363A72729959D8E00E48105 /* Assets.xcassets in Resources */ = {isa = PBXBuildFile; fileRef = D363A72629959D8E00E48105 /* Assets.xcassets */; };
		D363A72A29959D8E00E48105 /* Preview Assets.xcassets in Resources */ = {isa = PBXBuildFile; fileRef = D363A72929959D8E00E48105 /* Preview Assets.xcassets */; };
		D363A72C29959D8E00E48105 /* Persistence.swift in Sources */ = {isa = PBXBuildFile; fileRef = D363A72B29959D8E00E48105 /* Persistence.swift */; };
		D363A72F29959D8E00E48105 /* Perfil_Salud_NFC.xcdatamodeld in Sources */ = {isa = PBXBuildFile; fileRef = D363A72D29959D8E00E48105 /* Perfil_Salud_NFC.xcdatamodeld */; };
		D363A7372995A80600E48105 /* ProfileDetailsView.swift in Sources */ = {isa = PBXBuildFile; fileRef = D363A7362995A80600E48105 /* ProfileDetailsView.swift */; };
		D363A7392995A81500E48105 /* NFCView.swift in Sources */ = {isa = PBXBuildFile; fileRef = D363A7382995A81500E48105 /* NFCView.swift */; };
		D36C45BA2A02AC6600344B62 /* SDWebImageSwiftUI in Frameworks */ = {isa = PBXBuildFile; productRef = D36C45B92A02AC6600344B62 /* SDWebImageSwiftUI */; };
		D36C45BC2A02B2B300344B62 /* PhotoPicker.swift in Sources */ = {isa = PBXBuildFile; fileRef = D36C45BB2A02B2B300344B62 /* PhotoPicker.swift */; };
		D36C45BE2A02B8EC00344B62 /* FirebaseStorage in Frameworks */ = {isa = PBXBuildFile; productRef = D36C45BD2A02B8EC00344B62 /* FirebaseStorage */; };
		D36C45C02A02CB8800344B62 /* NFCViewModel.swift in Sources */ = {isa = PBXBuildFile; fileRef = D36C45BF2A02CB8800344B62 /* NFCViewModel.swift */; };
		D36C45C22A02CB9200344B62 /* NFCRepository.swift in Sources */ = {isa = PBXBuildFile; fileRef = D36C45C12A02CB9200344B62 /* NFCRepository.swift */; };
		D36C45C42A02CB9B00344B62 /* NFCDatasource.swift in Sources */ = {isa = PBXBuildFile; fileRef = D36C45C32A02CB9B00344B62 /* NFCDatasource.swift */; };
		D3BE5DDB29F9667E00AF9E05 /* AuthenticationDatasource.swift in Sources */ = {isa = PBXBuildFile; fileRef = D3BE5DDA29F9667E00AF9E05 /* AuthenticationDatasource.swift */; };
		D3BE5DDD29F9669300AF9E05 /* AuthenticationRepository.swift in Sources */ = {isa = PBXBuildFile; fileRef = D3BE5DDC29F9669300AF9E05 /* AuthenticationRepository.swift */; };
		D3BE5DDF29F9669D00AF9E05 /* AuthenticationViewModel.swift in Sources */ = {isa = PBXBuildFile; fileRef = D3BE5DDE29F9669D00AF9E05 /* AuthenticationViewModel.swift */; };
		D3BE5DE22A002E4E00AF9E05 /* ProfileDetailsTopView.swift in Sources */ = {isa = PBXBuildFile; fileRef = D3BE5DE12A002E4E00AF9E05 /* ProfileDetailsTopView.swift */; };
		D3BE5DE42A002F5E00AF9E05 /* ProfileDetailsPersonalView.swift in Sources */ = {isa = PBXBuildFile; fileRef = D3BE5DE32A002F5E00AF9E05 /* ProfileDetailsPersonalView.swift */; };
		D3BE5DE62A00300600AF9E05 /* ProfileDetailsMedicalView.swift in Sources */ = {isa = PBXBuildFile; fileRef = D3BE5DE52A00300600AF9E05 /* ProfileDetailsMedicalView.swift */; };
		D3BE5DEA2A00761D00AF9E05 /* ProfileDetailsContactView.swift in Sources */ = {isa = PBXBuildFile; fileRef = D3BE5DE92A00761D00AF9E05 /* ProfileDetailsContactView.swift */; };
		D3ED84E029B7E74B004F8421 /* LaunchScreenStep.swift in Sources */ = {isa = PBXBuildFile; fileRef = D3ED84DF29B7E74B004F8421 /* LaunchScreenStep.swift */; };
		D3ED84E229B7E78F004F8421 /* LaunchScreenManager.swift in Sources */ = {isa = PBXBuildFile; fileRef = D3ED84E129B7E78F004F8421 /* LaunchScreenManager.swift */; };
		D3ED84E429B7E89D004F8421 /* LaunchScreenView.swift in Sources */ = {isa = PBXBuildFile; fileRef = D3ED84E329B7E89D004F8421 /* LaunchScreenView.swift */; };
		D3EE277C299BF0B300C36E1F /* CircleImage.swift in Sources */ = {isa = PBXBuildFile; fileRef = D3EE277B299BF0B300C36E1F /* CircleImage.swift */; };
		D3EE277E299BFE0300C36E1F /* ProfileEntry.swift in Sources */ = {isa = PBXBuildFile; fileRef = D3EE277D299BFE0300C36E1F /* ProfileEntry.swift */; };
		D3EE2780299C4D7B00C36E1F /* ProfileView.swift in Sources */ = {isa = PBXBuildFile; fileRef = D3EE277F299C4D7B00C36E1F /* ProfileView.swift */; };
		D3EE5F122A0176B500F8580B /* ProfileCreationView.swift in Sources */ = {isa = PBXBuildFile; fileRef = D3EE5F112A0176B500F8580B /* ProfileCreationView.swift */; };
		D3EE5F142A0176C600F8580B /* ProfileEditingView.swift in Sources */ = {isa = PBXBuildFile; fileRef = D3EE5F132A0176C600F8580B /* ProfileEditingView.swift */; };
/* End PBXBuildFile section */

/* Begin PBXFileReference section */
		D33F6B7B29AC076200C8A596 /* GoogleService-Info.plist */ = {isa = PBXFileReference; fileEncoding = 4; lastKnownFileType = text.plist.xml; name = "GoogleService-Info.plist"; path = "../GoogleService-Info.plist"; sourceTree = "<group>"; };
		D35638F729EAB7400061822E /* NFCInfoView.swift */ = {isa = PBXFileReference; lastKnownFileType = sourcecode.swift; path = NFCInfoView.swift; sourceTree = "<group>"; };
		D35638FB29EACA9A0061822E /* AuthenticationView.swift */ = {isa = PBXFileReference; lastKnownFileType = sourcecode.swift; path = AuthenticationView.swift; sourceTree = "<group>"; };
		D35D6A1A29C0D63800D7B1F5 /* Perfil Salud NFC.entitlements */ = {isa = PBXFileReference; lastKnownFileType = text.plist.entitlements; path = "Perfil Salud NFC.entitlements"; sourceTree = "<group>"; };
		D35D6A1B29C2368000D7B1F5 /* NFCController.swift */ = {isa = PBXFileReference; lastKnownFileType = sourcecode.swift; path = NFCController.swift; sourceTree = "<group>"; };
		D360FBAA29C8818F005A5A90 /* ProfileViewModel.swift */ = {isa = PBXFileReference; lastKnownFileType = sourcecode.swift; path = ProfileViewModel.swift; sourceTree = "<group>"; };
		D360FBAD29C881AA005A5A90 /* ProfileRepository.swift */ = {isa = PBXFileReference; lastKnownFileType = sourcecode.swift; path = ProfileRepository.swift; sourceTree = "<group>"; };
		D360FBAF29C881BD005A5A90 /* ProfileDatasource.swift */ = {isa = PBXFileReference; lastKnownFileType = sourcecode.swift; path = ProfileDatasource.swift; sourceTree = "<group>"; };
		D363A71F29959D8D00E48105 /* Perfil Salud NFC.app */ = {isa = PBXFileReference; explicitFileType = wrapper.application; includeInIndex = 0; path = "Perfil Salud NFC.app"; sourceTree = BUILT_PRODUCTS_DIR; };
		D363A72229959D8D00E48105 /* Perfil_Salud_NFCApp.swift */ = {isa = PBXFileReference; lastKnownFileType = sourcecode.swift; path = Perfil_Salud_NFCApp.swift; sourceTree = "<group>"; };
		D363A72429959D8D00E48105 /* HomeView.swift */ = {isa = PBXFileReference; lastKnownFileType = sourcecode.swift; path = HomeView.swift; sourceTree = "<group>"; };
		D363A72629959D8E00E48105 /* Assets.xcassets */ = {isa = PBXFileReference; lastKnownFileType = folder.assetcatalog; path = Assets.xcassets; sourceTree = "<group>"; };
		D363A72929959D8E00E48105 /* Preview Assets.xcassets */ = {isa = PBXFileReference; lastKnownFileType = folder.assetcatalog; path = "Preview Assets.xcassets"; sourceTree = "<group>"; };
		D363A72B29959D8E00E48105 /* Persistence.swift */ = {isa = PBXFileReference; lastKnownFileType = sourcecode.swift; path = Persistence.swift; sourceTree = "<group>"; };
		D363A72E29959D8E00E48105 /* Perfil_Salud_NFC.xcdatamodel */ = {isa = PBXFileReference; lastKnownFileType = wrapper.xcdatamodel; path = Perfil_Salud_NFC.xcdatamodel; sourceTree = "<group>"; };
		D363A7362995A80600E48105 /* ProfileDetailsView.swift */ = {isa = PBXFileReference; lastKnownFileType = sourcecode.swift; path = ProfileDetailsView.swift; sourceTree = "<group>"; };
		D363A7382995A81500E48105 /* NFCView.swift */ = {isa = PBXFileReference; lastKnownFileType = sourcecode.swift; path = NFCView.swift; sourceTree = "<group>"; };
		D36C45BB2A02B2B300344B62 /* PhotoPicker.swift */ = {isa = PBXFileReference; lastKnownFileType = sourcecode.swift; path = PhotoPicker.swift; sourceTree = "<group>"; };
		D36C45BF2A02CB8800344B62 /* NFCViewModel.swift */ = {isa = PBXFileReference; lastKnownFileType = sourcecode.swift; path = NFCViewModel.swift; sourceTree = "<group>"; };
		D36C45C12A02CB9200344B62 /* NFCRepository.swift */ = {isa = PBXFileReference; lastKnownFileType = sourcecode.swift; path = NFCRepository.swift; sourceTree = "<group>"; };
		D36C45C32A02CB9B00344B62 /* NFCDatasource.swift */ = {isa = PBXFileReference; lastKnownFileType = sourcecode.swift; path = NFCDatasource.swift; sourceTree = "<group>"; };
		D3B1FE3629AE95D10082250C /* Perfil-Salud-NFC-Info.plist */ = {isa = PBXFileReference; lastKnownFileType = text.plist; path = "Perfil-Salud-NFC-Info.plist"; sourceTree = SOURCE_ROOT; };
		D3BE5DDA29F9667E00AF9E05 /* AuthenticationDatasource.swift */ = {isa = PBXFileReference; lastKnownFileType = sourcecode.swift; path = AuthenticationDatasource.swift; sourceTree = "<group>"; };
		D3BE5DDC29F9669300AF9E05 /* AuthenticationRepository.swift */ = {isa = PBXFileReference; lastKnownFileType = sourcecode.swift; path = AuthenticationRepository.swift; sourceTree = "<group>"; };
		D3BE5DDE29F9669D00AF9E05 /* AuthenticationViewModel.swift */ = {isa = PBXFileReference; lastKnownFileType = sourcecode.swift; path = AuthenticationViewModel.swift; sourceTree = "<group>"; };
		D3BE5DE12A002E4E00AF9E05 /* ProfileDetailsTopView.swift */ = {isa = PBXFileReference; lastKnownFileType = sourcecode.swift; path = ProfileDetailsTopView.swift; sourceTree = "<group>"; };
		D3BE5DE32A002F5E00AF9E05 /* ProfileDetailsPersonalView.swift */ = {isa = PBXFileReference; lastKnownFileType = sourcecode.swift; path = ProfileDetailsPersonalView.swift; sourceTree = "<group>"; };
		D3BE5DE52A00300600AF9E05 /* ProfileDetailsMedicalView.swift */ = {isa = PBXFileReference; lastKnownFileType = sourcecode.swift; path = ProfileDetailsMedicalView.swift; sourceTree = "<group>"; };
		D3BE5DE92A00761D00AF9E05 /* ProfileDetailsContactView.swift */ = {isa = PBXFileReference; lastKnownFileType = sourcecode.swift; path = ProfileDetailsContactView.swift; sourceTree = "<group>"; };
		D3ED84DF29B7E74B004F8421 /* LaunchScreenStep.swift */ = {isa = PBXFileReference; lastKnownFileType = sourcecode.swift; path = LaunchScreenStep.swift; sourceTree = "<group>"; };
		D3ED84E129B7E78F004F8421 /* LaunchScreenManager.swift */ = {isa = PBXFileReference; lastKnownFileType = sourcecode.swift; path = LaunchScreenManager.swift; sourceTree = "<group>"; };
		D3ED84E329B7E89D004F8421 /* LaunchScreenView.swift */ = {isa = PBXFileReference; lastKnownFileType = sourcecode.swift; path = LaunchScreenView.swift; sourceTree = "<group>"; };
		D3EE277B299BF0B300C36E1F /* CircleImage.swift */ = {isa = PBXFileReference; lastKnownFileType = sourcecode.swift; path = CircleImage.swift; sourceTree = "<group>"; };
		D3EE277D299BFE0300C36E1F /* ProfileEntry.swift */ = {isa = PBXFileReference; lastKnownFileType = sourcecode.swift; path = ProfileEntry.swift; sourceTree = "<group>"; };
		D3EE277F299C4D7B00C36E1F /* ProfileView.swift */ = {isa = PBXFileReference; lastKnownFileType = sourcecode.swift; path = ProfileView.swift; sourceTree = "<group>"; };
		D3EE5F112A0176B500F8580B /* ProfileCreationView.swift */ = {isa = PBXFileReference; lastKnownFileType = sourcecode.swift; path = ProfileCreationView.swift; sourceTree = "<group>"; };
		D3EE5F132A0176C600F8580B /* ProfileEditingView.swift */ = {isa = PBXFileReference; lastKnownFileType = sourcecode.swift; path = ProfileEditingView.swift; sourceTree = "<group>"; };
/* End PBXFileReference section */

/* Begin PBXFrameworksBuildPhase section */
		D363A71C29959D8D00E48105 /* Frameworks */ = {
			isa = PBXFrameworksBuildPhase;
			buildActionMask = 2147483647;
			files = (
				D36C45BA2A02AC6600344B62 /* SDWebImageSwiftUI in Frameworks */,
				D33F6B8529AC09EB00C8A596 /* FirebaseFirestore in Frameworks */,
				D33F6B7F29AC09EB00C8A596 /* FirebaseCrashlytics in Frameworks */,
				D33F6B8929AC09EB00C8A596 /* FirebaseFirestoreSwift in Frameworks */,
				D356390229EB1B7D0061822E /* FirebaseAuth in Frameworks */,
				D36C45BE2A02B8EC00344B62 /* FirebaseStorage in Frameworks */,
			);
			runOnlyForDeploymentPostprocessing = 0;
		};
/* End PBXFrameworksBuildPhase section */

/* Begin PBXGroup section */
		D355784D29D0D6BA00E17DCA /* Authentication */ = {
			isa = PBXGroup;
			children = (
				D35638FB29EACA9A0061822E /* AuthenticationView.swift */,
				D3BE5DDE29F9669D00AF9E05 /* AuthenticationViewModel.swift */,
				D3BE5DE029F966A700AF9E05 /* Repository */,
			);
			path = Authentication;
			sourceTree = "<group>";
		};
		D35638F629EAB7260061822E /* Components */ = {
			isa = PBXGroup;
			children = (
				D35638F729EAB7400061822E /* NFCInfoView.swift */,
			);
			path = Components;
			sourceTree = "<group>";
		};
		D360FBAC29C88193005A5A90 /* Repository */ = {
			isa = PBXGroup;
			children = (
				D360FBAD29C881AA005A5A90 /* ProfileRepository.swift */,
				D360FBAF29C881BD005A5A90 /* ProfileDatasource.swift */,
			);
			path = Repository;
			sourceTree = "<group>";
		};
		D360FBB129C8958D005A5A90 /* Frameworks */ = {
			isa = PBXGroup;
			children = (
			);
			name = Frameworks;
			sourceTree = "<group>";
		};
		D363A71629959D8D00E48105 = {
			isa = PBXGroup;
			children = (
				D363A72129959D8D00E48105 /* Perfil Salud NFC */,
				D363A72029959D8D00E48105 /* Products */,
				D360FBB129C8958D005A5A90 /* Frameworks */,
			);
			sourceTree = "<group>";
		};
		D363A72029959D8D00E48105 /* Products */ = {
			isa = PBXGroup;
			children = (
				D363A71F29959D8D00E48105 /* Perfil Salud NFC.app */,
			);
			name = Products;
			sourceTree = "<group>";
		};
		D363A72129959D8D00E48105 /* Perfil Salud NFC */ = {
			isa = PBXGroup;
			children = (
				D35D6A1A29C0D63800D7B1F5 /* Perfil Salud NFC.entitlements */,
				D363A72229959D8D00E48105 /* Perfil_Salud_NFCApp.swift */,
				D3ED84DE29B7E70A004F8421 /* LaunchScreen */,
				D355784D29D0D6BA00E17DCA /* Authentication */,
				D363A7352995A7E800E48105 /* Application */,
				D363A72B29959D8E00E48105 /* Persistence.swift */,
				D363A72629959D8E00E48105 /* Assets.xcassets */,
				D33F6B7B29AC076200C8A596 /* GoogleService-Info.plist */,
				D3B1FE3629AE95D10082250C /* Perfil-Salud-NFC-Info.plist */,
				D363A72D29959D8E00E48105 /* Perfil_Salud_NFC.xcdatamodeld */,
				D363A72829959D8E00E48105 /* Preview Content */,
			);
			path = "Perfil Salud NFC";
			sourceTree = "<group>";
		};
		D363A72829959D8E00E48105 /* Preview Content */ = {
			isa = PBXGroup;
			children = (
				D363A72929959D8E00E48105 /* Preview Assets.xcassets */,
			);
			path = "Preview Content";
			sourceTree = "<group>";
		};
		D363A7352995A7E800E48105 /* Application */ = {
			isa = PBXGroup;
			children = (
				D363A72429959D8D00E48105 /* HomeView.swift */,
				D3EE2778299BF04D00C36E1F /* Profiles */,
				D3EE2779299BF06C00C36E1F /* NFC */,
			);
			path = Application;
			sourceTree = "<group>";
		};
		D36C45C52A02CBA100344B62 /* Repository */ = {
			isa = PBXGroup;
			children = (
				D36C45C12A02CB9200344B62 /* NFCRepository.swift */,
				D36C45C32A02CB9B00344B62 /* NFCDatasource.swift */,
			);
			path = Repository;
			sourceTree = "<group>";
		};
		D3BE5DE029F966A700AF9E05 /* Repository */ = {
			isa = PBXGroup;
			children = (
				D3BE5DDC29F9669300AF9E05 /* AuthenticationRepository.swift */,
				D3BE5DDA29F9667E00AF9E05 /* AuthenticationDatasource.swift */,
			);
			path = Repository;
			sourceTree = "<group>";
		};
		D3BE5DEB2A0079F800AF9E05 /* ProfileDetails Components */ = {
			isa = PBXGroup;
			children = (
				D3BE5DE12A002E4E00AF9E05 /* ProfileDetailsTopView.swift */,
				D3BE5DE32A002F5E00AF9E05 /* ProfileDetailsPersonalView.swift */,
				D3BE5DE52A00300600AF9E05 /* ProfileDetailsMedicalView.swift */,
				D3BE5DE92A00761D00AF9E05 /* ProfileDetailsContactView.swift */,
			);
			path = "ProfileDetails Components";
			sourceTree = "<group>";
		};
		D3ED84DE29B7E70A004F8421 /* LaunchScreen */ = {
			isa = PBXGroup;
			children = (
				D3ED84DF29B7E74B004F8421 /* LaunchScreenStep.swift */,
				D3ED84E129B7E78F004F8421 /* LaunchScreenManager.swift */,
				D3ED84E329B7E89D004F8421 /* LaunchScreenView.swift */,
			);
			path = LaunchScreen;
			sourceTree = "<group>";
		};
		D3EE2778299BF04D00C36E1F /* Profiles */ = {
			isa = PBXGroup;
			children = (
				D3EE277F299C4D7B00C36E1F /* ProfileView.swift */,
				D360FBAA29C8818F005A5A90 /* ProfileViewModel.swift */,
				D3EE5F102A01766E00F8580B /* Profile Modifier */,
				D3EE5F0F2A01764C00F8580B /* Profile Details */,
				D360FBAC29C88193005A5A90 /* Repository */,
				D3EE277A299BF08E00C36E1F /* View Components */,
			);
			path = Profiles;
			sourceTree = "<group>";
		};
		D3EE2779299BF06C00C36E1F /* NFC */ = {
			isa = PBXGroup;
			children = (
				D363A7382995A81500E48105 /* NFCView.swift */,
				D35D6A1B29C2368000D7B1F5 /* NFCController.swift */,
				D36C45BF2A02CB8800344B62 /* NFCViewModel.swift */,
				D36C45C52A02CBA100344B62 /* Repository */,
				D35638F629EAB7260061822E /* Components */,
			);
			path = NFC;
			sourceTree = "<group>";
		};
		D3EE277A299BF08E00C36E1F /* View Components */ = {
			isa = PBXGroup;
			children = (
				D3EE277D299BFE0300C36E1F /* ProfileEntry.swift */,
				D3EE277B299BF0B300C36E1F /* CircleImage.swift */,
				D36C45BB2A02B2B300344B62 /* PhotoPicker.swift */,
			);
			path = "View Components";
			sourceTree = "<group>";
		};
		D3EE5F0F2A01764C00F8580B /* Profile Details */ = {
			isa = PBXGroup;
			children = (
				D363A7362995A80600E48105 /* ProfileDetailsView.swift */,
				D3BE5DEB2A0079F800AF9E05 /* ProfileDetails Components */,
			);
			path = "Profile Details";
			sourceTree = "<group>";
		};
		D3EE5F102A01766E00F8580B /* Profile Modifier */ = {
			isa = PBXGroup;
			children = (
				D3EE5F112A0176B500F8580B /* ProfileCreationView.swift */,
				D3EE5F132A0176C600F8580B /* ProfileEditingView.swift */,
			);
			path = "Profile Modifier";
			sourceTree = "<group>";
		};
/* End PBXGroup section */

/* Begin PBXNativeTarget section */
		D363A71E29959D8D00E48105 /* Perfil Salud NFC */ = {
			isa = PBXNativeTarget;
			buildConfigurationList = D363A73229959D8E00E48105 /* Build configuration list for PBXNativeTarget "Perfil Salud NFC" */;
			buildPhases = (
				D363A71B29959D8D00E48105 /* Sources */,
				D363A71C29959D8D00E48105 /* Frameworks */,
				D363A71D29959D8D00E48105 /* Resources */,
			);
			buildRules = (
			);
			dependencies = (
			);
			name = "Perfil Salud NFC";
			packageProductDependencies = (
				D33F6B7E29AC09EB00C8A596 /* FirebaseCrashlytics */,
				D33F6B8429AC09EB00C8A596 /* FirebaseFirestore */,
				D33F6B8829AC09EB00C8A596 /* FirebaseFirestoreSwift */,
				D356390129EB1B7D0061822E /* FirebaseAuth */,
				D36C45B92A02AC6600344B62 /* SDWebImageSwiftUI */,
				D36C45BD2A02B8EC00344B62 /* FirebaseStorage */,
			);
			productName = "Perfil Salud NFC";
			productReference = D363A71F29959D8D00E48105 /* Perfil Salud NFC.app */;
			productType = "com.apple.product-type.application";
		};
/* End PBXNativeTarget section */

/* Begin PBXProject section */
		D363A71729959D8D00E48105 /* Project object */ = {
			isa = PBXProject;
			attributes = {
				BuildIndependentTargetsInParallel = 1;
				LastSwiftUpdateCheck = 1420;
				LastUpgradeCheck = 1420;
				TargetAttributes = {
					D363A71E29959D8D00E48105 = {
						CreatedOnToolsVersion = 14.2;
					};
				};
			};
			buildConfigurationList = D363A71A29959D8D00E48105 /* Build configuration list for PBXProject "Perfil Salud NFC" */;
			compatibilityVersion = "Xcode 14.0";
			developmentRegion = en;
			hasScannedForEncodings = 0;
			knownRegions = (
				en,
				Base,
			);
			mainGroup = D363A71629959D8D00E48105;
			packageReferences = (
				D33F6B7D29AC09EB00C8A596 /* XCRemoteSwiftPackageReference "firebase-ios-sdk" */,
				D36C45B82A02AC6600344B62 /* XCRemoteSwiftPackageReference "SDWebImageSwiftUI" */,
			);
			productRefGroup = D363A72029959D8D00E48105 /* Products */;
			projectDirPath = "";
			projectRoot = "";
			targets = (
				D363A71E29959D8D00E48105 /* Perfil Salud NFC */,
			);
		};
/* End PBXProject section */

/* Begin PBXResourcesBuildPhase section */
		D363A71D29959D8D00E48105 /* Resources */ = {
			isa = PBXResourcesBuildPhase;
			buildActionMask = 2147483647;
			files = (
				D363A72A29959D8E00E48105 /* Preview Assets.xcassets in Resources */,
				D363A72729959D8E00E48105 /* Assets.xcassets in Resources */,
				D33F6B7C29AC076200C8A596 /* GoogleService-Info.plist in Resources */,
			);
			runOnlyForDeploymentPostprocessing = 0;
		};
/* End PBXResourcesBuildPhase section */

/* Begin PBXSourcesBuildPhase section */
		D363A71B29959D8D00E48105 /* Sources */ = {
			isa = PBXSourcesBuildPhase;
			buildActionMask = 2147483647;
			files = (
				D36C45BC2A02B2B300344B62 /* PhotoPicker.swift in Sources */,
				D3ED84E029B7E74B004F8421 /* LaunchScreenStep.swift in Sources */,
				D3EE277E299BFE0300C36E1F /* ProfileEntry.swift in Sources */,
				D3EE5F142A0176C600F8580B /* ProfileEditingView.swift in Sources */,
				D363A72C29959D8E00E48105 /* Persistence.swift in Sources */,
				D360FBAE29C881AA005A5A90 /* ProfileRepository.swift in Sources */,
				D35638F829EAB7400061822E /* NFCInfoView.swift in Sources */,
				D363A72F29959D8E00E48105 /* Perfil_Salud_NFC.xcdatamodeld in Sources */,
				D3BE5DE42A002F5E00AF9E05 /* ProfileDetailsPersonalView.swift in Sources */,
				D36C45C02A02CB8800344B62 /* NFCViewModel.swift in Sources */,
				D3EE2780299C4D7B00C36E1F /* ProfileView.swift in Sources */,
				D36C45C22A02CB9200344B62 /* NFCRepository.swift in Sources */,
				D3ED84E229B7E78F004F8421 /* LaunchScreenManager.swift in Sources */,
				D3EE5F122A0176B500F8580B /* ProfileCreationView.swift in Sources */,
				D360FBAB29C8818F005A5A90 /* ProfileViewModel.swift in Sources */,
				D36C45C42A02CB9B00344B62 /* NFCDatasource.swift in Sources */,
				D3BE5DDF29F9669D00AF9E05 /* AuthenticationViewModel.swift in Sources */,
				D3BE5DE62A00300600AF9E05 /* ProfileDetailsMedicalView.swift in Sources */,
				D363A7392995A81500E48105 /* NFCView.swift in Sources */,
				D3EE277C299BF0B300C36E1F /* CircleImage.swift in Sources */,
				D363A7372995A80600E48105 /* ProfileDetailsView.swift in Sources */,
				D35D6A1C29C2368000D7B1F5 /* NFCController.swift in Sources */,
				D3BE5DDD29F9669300AF9E05 /* AuthenticationRepository.swift in Sources */,
				D363A72529959D8D00E48105 /* HomeView.swift in Sources */,
				D3BE5DDB29F9667E00AF9E05 /* AuthenticationDatasource.swift in Sources */,
				D35638FC29EACA9A0061822E /* AuthenticationView.swift in Sources */,
				D3BE5DEA2A00761D00AF9E05 /* ProfileDetailsContactView.swift in Sources */,
				D363A72329959D8D00E48105 /* Perfil_Salud_NFCApp.swift in Sources */,
				D360FBB029C881BD005A5A90 /* ProfileDatasource.swift in Sources */,
				D3ED84E429B7E89D004F8421 /* LaunchScreenView.swift in Sources */,
				D3BE5DE22A002E4E00AF9E05 /* ProfileDetailsTopView.swift in Sources */,
			);
			runOnlyForDeploymentPostprocessing = 0;
		};
/* End PBXSourcesBuildPhase section */

/* Begin XCBuildConfiguration section */
		D363A73029959D8E00E48105 /* Debug */ = {
			isa = XCBuildConfiguration;
			buildSettings = {
				ALWAYS_SEARCH_USER_PATHS = NO;
				CLANG_ANALYZER_NONNULL = YES;
				CLANG_ANALYZER_NUMBER_OBJECT_CONVERSION = YES_AGGRESSIVE;
				CLANG_CXX_LANGUAGE_STANDARD = "gnu++20";
				CLANG_ENABLE_MODULES = YES;
				CLANG_ENABLE_OBJC_ARC = YES;
				CLANG_ENABLE_OBJC_WEAK = YES;
				CLANG_WARN_BLOCK_CAPTURE_AUTORELEASING = YES;
				CLANG_WARN_BOOL_CONVERSION = YES;
				CLANG_WARN_COMMA = YES;
				CLANG_WARN_CONSTANT_CONVERSION = YES;
				CLANG_WARN_DEPRECATED_OBJC_IMPLEMENTATIONS = YES;
				CLANG_WARN_DIRECT_OBJC_ISA_USAGE = YES_ERROR;
				CLANG_WARN_DOCUMENTATION_COMMENTS = YES;
				CLANG_WARN_EMPTY_BODY = YES;
				CLANG_WARN_ENUM_CONVERSION = YES;
				CLANG_WARN_INFINITE_RECURSION = YES;
				CLANG_WARN_INT_CONVERSION = YES;
				CLANG_WARN_NON_LITERAL_NULL_CONVERSION = YES;
				CLANG_WARN_OBJC_IMPLICIT_RETAIN_SELF = YES;
				CLANG_WARN_OBJC_LITERAL_CONVERSION = YES;
				CLANG_WARN_OBJC_ROOT_CLASS = YES_ERROR;
				CLANG_WARN_QUOTED_INCLUDE_IN_FRAMEWORK_HEADER = YES;
				CLANG_WARN_RANGE_LOOP_ANALYSIS = YES;
				CLANG_WARN_STRICT_PROTOTYPES = YES;
				CLANG_WARN_SUSPICIOUS_MOVE = YES;
				CLANG_WARN_UNGUARDED_AVAILABILITY = YES_AGGRESSIVE;
				CLANG_WARN_UNREACHABLE_CODE = YES;
				CLANG_WARN__DUPLICATE_METHOD_MATCH = YES;
				CODE_SIGN_ALLOW_ENTITLEMENTS_MODIFICATION = YES;
				COPY_PHASE_STRIP = NO;
				DEBUG_INFORMATION_FORMAT = dwarf;
				ENABLE_STRICT_OBJC_MSGSEND = YES;
				ENABLE_TESTABILITY = YES;
				GCC_C_LANGUAGE_STANDARD = gnu11;
				GCC_DYNAMIC_NO_PIC = NO;
				GCC_NO_COMMON_BLOCKS = YES;
				GCC_OPTIMIZATION_LEVEL = 0;
				GCC_PREPROCESSOR_DEFINITIONS = (
					"DEBUG=1",
					"$(inherited)",
				);
				GCC_WARN_64_TO_32_BIT_CONVERSION = YES;
				GCC_WARN_ABOUT_RETURN_TYPE = YES_ERROR;
				GCC_WARN_UNDECLARED_SELECTOR = YES;
				GCC_WARN_UNINITIALIZED_AUTOS = YES_AGGRESSIVE;
				GCC_WARN_UNUSED_FUNCTION = YES;
				GCC_WARN_UNUSED_VARIABLE = YES;
				IPHONEOS_DEPLOYMENT_TARGET = 16.2;
				MTL_ENABLE_DEBUG_INFO = INCLUDE_SOURCE;
				MTL_FAST_MATH = YES;
				ONLY_ACTIVE_ARCH = YES;
				SDKROOT = iphoneos;
				SWIFT_ACTIVE_COMPILATION_CONDITIONS = DEBUG;
				SWIFT_OPTIMIZATION_LEVEL = "-Onone";
			};
			name = Debug;
		};
		D363A73129959D8E00E48105 /* Release */ = {
			isa = XCBuildConfiguration;
			buildSettings = {
				ALWAYS_SEARCH_USER_PATHS = NO;
				CLANG_ANALYZER_NONNULL = YES;
				CLANG_ANALYZER_NUMBER_OBJECT_CONVERSION = YES_AGGRESSIVE;
				CLANG_CXX_LANGUAGE_STANDARD = "gnu++20";
				CLANG_ENABLE_MODULES = YES;
				CLANG_ENABLE_OBJC_ARC = YES;
				CLANG_ENABLE_OBJC_WEAK = YES;
				CLANG_WARN_BLOCK_CAPTURE_AUTORELEASING = YES;
				CLANG_WARN_BOOL_CONVERSION = YES;
				CLANG_WARN_COMMA = YES;
				CLANG_WARN_CONSTANT_CONVERSION = YES;
				CLANG_WARN_DEPRECATED_OBJC_IMPLEMENTATIONS = YES;
				CLANG_WARN_DIRECT_OBJC_ISA_USAGE = YES_ERROR;
				CLANG_WARN_DOCUMENTATION_COMMENTS = YES;
				CLANG_WARN_EMPTY_BODY = YES;
				CLANG_WARN_ENUM_CONVERSION = YES;
				CLANG_WARN_INFINITE_RECURSION = YES;
				CLANG_WARN_INT_CONVERSION = YES;
				CLANG_WARN_NON_LITERAL_NULL_CONVERSION = YES;
				CLANG_WARN_OBJC_IMPLICIT_RETAIN_SELF = YES;
				CLANG_WARN_OBJC_LITERAL_CONVERSION = YES;
				CLANG_WARN_OBJC_ROOT_CLASS = YES_ERROR;
				CLANG_WARN_QUOTED_INCLUDE_IN_FRAMEWORK_HEADER = YES;
				CLANG_WARN_RANGE_LOOP_ANALYSIS = YES;
				CLANG_WARN_STRICT_PROTOTYPES = YES;
				CLANG_WARN_SUSPICIOUS_MOVE = YES;
				CLANG_WARN_UNGUARDED_AVAILABILITY = YES_AGGRESSIVE;
				CLANG_WARN_UNREACHABLE_CODE = YES;
				CLANG_WARN__DUPLICATE_METHOD_MATCH = YES;
				CODE_SIGN_ALLOW_ENTITLEMENTS_MODIFICATION = YES;
				COPY_PHASE_STRIP = NO;
				DEBUG_INFORMATION_FORMAT = "dwarf-with-dsym";
				ENABLE_NS_ASSERTIONS = NO;
				ENABLE_STRICT_OBJC_MSGSEND = YES;
				GCC_C_LANGUAGE_STANDARD = gnu11;
				GCC_NO_COMMON_BLOCKS = YES;
				GCC_WARN_64_TO_32_BIT_CONVERSION = YES;
				GCC_WARN_ABOUT_RETURN_TYPE = YES_ERROR;
				GCC_WARN_UNDECLARED_SELECTOR = YES;
				GCC_WARN_UNINITIALIZED_AUTOS = YES_AGGRESSIVE;
				GCC_WARN_UNUSED_FUNCTION = YES;
				GCC_WARN_UNUSED_VARIABLE = YES;
				IPHONEOS_DEPLOYMENT_TARGET = 16.2;
				MTL_ENABLE_DEBUG_INFO = NO;
				MTL_FAST_MATH = YES;
				SDKROOT = iphoneos;
				SWIFT_COMPILATION_MODE = wholemodule;
				SWIFT_OPTIMIZATION_LEVEL = "-O";
				VALIDATE_PRODUCT = YES;
			};
			name = Release;
		};
		D363A73329959D8E00E48105 /* Debug */ = {
			isa = XCBuildConfiguration;
			buildSettings = {
				ASSETCATALOG_COMPILER_APPICON_NAME = "AppIcon V2.0";
				ASSETCATALOG_COMPILER_GLOBAL_ACCENT_COLOR_NAME = AccentColor;
				CODE_SIGN_ENTITLEMENTS = "Perfil Salud NFC/Perfil Salud NFC.entitlements";
				CODE_SIGN_IDENTITY = "Apple Development";
				CODE_SIGN_STYLE = Automatic;
				CURRENT_PROJECT_VERSION = 1;
				DEBUG_INFORMATION_FORMAT = dwarf;
				DEVELOPMENT_ASSET_PATHS = "\"Perfil Salud NFC/Preview Content\"";
				DEVELOPMENT_TEAM = X2677UJR94;
				ENABLE_PREVIEWS = YES;
				GENERATE_INFOPLIST_FILE = YES;
				INFOPLIST_FILE = "Perfil-Salud-NFC-Info.plist";
				INFOPLIST_KEY_NFCReaderUsageDescription = "Store in a data base the UID of the NFC for its use as an identifier for users";
				INFOPLIST_KEY_UIApplicationSceneManifest_Generation = YES;
				INFOPLIST_KEY_UIApplicationSupportsIndirectInputEvents = YES;
				INFOPLIST_KEY_UILaunchScreen_Generation = YES;
				INFOPLIST_KEY_UISupportedInterfaceOrientations = UIInterfaceOrientationPortrait;
				LD_RUNPATH_SEARCH_PATHS = (
					"$(inherited)",
					"@executable_path/Frameworks",
				);
				MARKETING_VERSION = 1.0;
				PRODUCT_BUNDLE_IDENTIFIER = "TFG-Informatica.Perfil-Salud-NFC";
				PRODUCT_NAME = "$(TARGET_NAME)";
				PROVISIONING_PROFILE_SPECIFIER = "";
				SWIFT_EMIT_LOC_STRINGS = YES;
				SWIFT_VERSION = 5.0;
				TARGETED_DEVICE_FAMILY = "1,2";
			};
			name = Debug;
		};
		D363A73429959D8E00E48105 /* Release */ = {
			isa = XCBuildConfiguration;
			buildSettings = {
				ASSETCATALOG_COMPILER_APPICON_NAME = "AppIcon V2.0";
				ASSETCATALOG_COMPILER_GLOBAL_ACCENT_COLOR_NAME = AccentColor;
				CODE_SIGN_ENTITLEMENTS = "Perfil Salud NFC/Perfil Salud NFC.entitlements";
				CODE_SIGN_IDENTITY = "Apple Development";
				CODE_SIGN_STYLE = Automatic;
				CURRENT_PROJECT_VERSION = 1;
				DEVELOPMENT_ASSET_PATHS = "\"Perfil Salud NFC/Preview Content\"";
				DEVELOPMENT_TEAM = X2677UJR94;
				ENABLE_PREVIEWS = YES;
				GENERATE_INFOPLIST_FILE = YES;
				INFOPLIST_FILE = "Perfil-Salud-NFC-Info.plist";
				INFOPLIST_KEY_NFCReaderUsageDescription = "Store in a data base the UID of the NFC for its use as an identifier for users";
				INFOPLIST_KEY_UIApplicationSceneManifest_Generation = YES;
				INFOPLIST_KEY_UIApplicationSupportsIndirectInputEvents = YES;
				INFOPLIST_KEY_UILaunchScreen_Generation = YES;
				INFOPLIST_KEY_UISupportedInterfaceOrientations = UIInterfaceOrientationPortrait;
				LD_RUNPATH_SEARCH_PATHS = (
					"$(inherited)",
					"@executable_path/Frameworks",
				);
				MARKETING_VERSION = 1.0;
				PRODUCT_BUNDLE_IDENTIFIER = "TFG-Informatica.Perfil-Salud-NFC";
				PRODUCT_NAME = "$(TARGET_NAME)";
				PROVISIONING_PROFILE_SPECIFIER = "";
				SWIFT_EMIT_LOC_STRINGS = YES;
				SWIFT_VERSION = 5.0;
				TARGETED_DEVICE_FAMILY = "1,2";
			};
			name = Release;
		};
/* End XCBuildConfiguration section */

/* Begin XCConfigurationList section */
		D363A71A29959D8D00E48105 /* Build configuration list for PBXProject "Perfil Salud NFC" */ = {
			isa = XCConfigurationList;
			buildConfigurations = (
				D363A73029959D8E00E48105 /* Debug */,
				D363A73129959D8E00E48105 /* Release */,
			);
			defaultConfigurationIsVisible = 0;
			defaultConfigurationName = Release;
		};
		D363A73229959D8E00E48105 /* Build configuration list for PBXNativeTarget "Perfil Salud NFC" */ = {
			isa = XCConfigurationList;
			buildConfigurations = (
				D363A73329959D8E00E48105 /* Debug */,
				D363A73429959D8E00E48105 /* Release */,
			);
			defaultConfigurationIsVisible = 0;
			defaultConfigurationName = Release;
		};
/* End XCConfigurationList section */

/* Begin XCRemoteSwiftPackageReference section */
		D33F6B7D29AC09EB00C8A596 /* XCRemoteSwiftPackageReference "firebase-ios-sdk" */ = {
			isa = XCRemoteSwiftPackageReference;
			repositoryURL = "https://github.com/firebase/firebase-ios-sdk";
			requirement = {
				kind = upToNextMajorVersion;
				minimumVersion = 9.0.0;
			};
		};
		D36C45B82A02AC6600344B62 /* XCRemoteSwiftPackageReference "SDWebImageSwiftUI" */ = {
			isa = XCRemoteSwiftPackageReference;
			repositoryURL = "https://github.com/SDWebImage/SDWebImageSwiftUI.git";
			requirement = {
				kind = upToNextMajorVersion;
				minimumVersion = 2.0.0;
			};
		};
/* End XCRemoteSwiftPackageReference section */

/* Begin XCSwiftPackageProductDependency section */
		D33F6B7E29AC09EB00C8A596 /* FirebaseCrashlytics */ = {
			isa = XCSwiftPackageProductDependency;
			package = D33F6B7D29AC09EB00C8A596 /* XCRemoteSwiftPackageReference "firebase-ios-sdk" */;
			productName = FirebaseCrashlytics;
		};
		D33F6B8429AC09EB00C8A596 /* FirebaseFirestore */ = {
			isa = XCSwiftPackageProductDependency;
			package = D33F6B7D29AC09EB00C8A596 /* XCRemoteSwiftPackageReference "firebase-ios-sdk" */;
			productName = FirebaseFirestore;
		};
		D33F6B8829AC09EB00C8A596 /* FirebaseFirestoreSwift */ = {
			isa = XCSwiftPackageProductDependency;
			package = D33F6B7D29AC09EB00C8A596 /* XCRemoteSwiftPackageReference "firebase-ios-sdk" */;
			productName = FirebaseFirestoreSwift;
		};
		D356390129EB1B7D0061822E /* FirebaseAuth */ = {
			isa = XCSwiftPackageProductDependency;
			package = D33F6B7D29AC09EB00C8A596 /* XCRemoteSwiftPackageReference "firebase-ios-sdk" */;
			productName = FirebaseAuth;
		};
		D36C45B92A02AC6600344B62 /* SDWebImageSwiftUI */ = {
			isa = XCSwiftPackageProductDependency;
			package = D36C45B82A02AC6600344B62 /* XCRemoteSwiftPackageReference "SDWebImageSwiftUI" */;
			productName = SDWebImageSwiftUI;
		};
		D36C45BD2A02B8EC00344B62 /* FirebaseStorage */ = {
			isa = XCSwiftPackageProductDependency;
			package = D33F6B7D29AC09EB00C8A596 /* XCRemoteSwiftPackageReference "firebase-ios-sdk" */;
			productName = FirebaseStorage;
		};
/* End XCSwiftPackageProductDependency section */

/* Begin XCVersionGroup section */
		D363A72D29959D8E00E48105 /* Perfil_Salud_NFC.xcdatamodeld */ = {
			isa = XCVersionGroup;
			children = (
				D363A72E29959D8E00E48105 /* Perfil_Salud_NFC.xcdatamodel */,
			);
			currentVersion = D363A72E29959D8E00E48105 /* Perfil_Salud_NFC.xcdatamodel */;
			path = Perfil_Salud_NFC.xcdatamodeld;
			sourceTree = "<group>";
			versionGroupType = wrapper.xcdatamodel;
		};
/* End XCVersionGroup section */
	};
	rootObject = D363A71729959D8D00E48105 /* Project object */;
}
